github.com/coder/websocket v1.8.15 h1:6B2JPeOGlpff2Uz6vOEH1Vzpi0iUz20A+lPVhPHtNUA=
github.com/coder/websocket v1.8.15/go.mod h1:NX3SzP+inril6yawo5CQXx8+fk145lPDC6pumgx0mVg=
github.com/confluentinc/confluent-kafka-go/v2 v2.15.0 h1:Nfz04XU4qtT4/OU3zibwJVjUYs5SG35d2SwBIQ+L2FY=
github.com/confluentinc/confluent-kafka-go/v2 v2.15.0/go.mod h1:uvixf1aKCnE5NHlELzZpO4k6TQc1DJalz67dVGaYxIs=
github.com/lmittmann/tint v1.2.0 h1:AogHRHy8HUJUnNJBHJlYa+fR4YY8mko2cnCp67xn9JY=
github.com/lmittmann/tint v1.2.0/go.mod h1:HIS3gSy7qNwGCj+5oRjAutErFBl4BzdQP6cJZ0NfMwE=
